// !$*UTF8*$!
{
	archiveVersion = 1;
	classes = {
	};
	objectVersion = 50;
	objects = {

/* Begin PBXBuildFile section */
		3F6C2CCA20D7155A0064F34E /* AppDelegate.swift in Sources */ = {isa = PBXBuildFile; fileRef = 3F6C2CC920D7155A0064F34E /* AppDelegate.swift */; };
		3F6C2CCC20D7155A0064F34E /* ViewController.swift in Sources */ = {isa = PBXBuildFile; fileRef = 3F6C2CCB20D7155A0064F34E /* ViewController.swift */; };
		3F6C2CCF20D7155A0064F34E /* Main.storyboard in Resources */ = {isa = PBXBuildFile; fileRef = 3F6C2CCD20D7155A0064F34E /* Main.storyboard */; };
		3F6C2CD120D7155B0064F34E /* Assets.xcassets in Resources */ = {isa = PBXBuildFile; fileRef = 3F6C2CD020D7155B0064F34E /* Assets.xcassets */; };
		3F6C2CD420D7155B0064F34E /* LaunchScreen.storyboard in Resources */ = {isa = PBXBuildFile; fileRef = 3F6C2CD220D7155B0064F34E /* LaunchScreen.storyboard */; };
		3F6C2CF420D716930064F34E /* Alamofire.framework in Frameworks */ = {isa = PBXBuildFile; fileRef = 3F6C2CE720D7161B0064F34E /* Alamofire.framework */; };
		3F6C2CF520D716930064F34E /* Alamofire.framework in Embed Frameworks */ = {isa = PBXBuildFile; fileRef = 3F6C2CE720D7161B0064F34E /* Alamofire.framework */; settings = {ATTRIBUTES = (CodeSignOnCopy, RemoveHeadersOnCopy, ); }; };
		3F6C2CFD20D7171B0064F34E /* Comic.swift in Sources */ = {isa = PBXBuildFile; fileRef = 3F6C2CFC20D7171B0064F34E /* Comic.swift */; };
/* End PBXBuildFile section */

/* Begin PBXContainerItemProxy section */
		3F6C2CE620D7161B0064F34E /* PBXContainerItemProxy */ = {
			isa = PBXContainerItemProxy;
			containerPortal = 3F6C2CDB20D7161A0064F34E /* Alamofire.xcodeproj */;
			proxyType = 2;
			remoteGlobalIDString = F8111E3319A95C8B0040E7D1;
			remoteInfo = "Alamofire iOS";
		};
		3F6C2CE820D7161B0064F34E /* PBXContainerItemProxy */ = {
			isa = PBXContainerItemProxy;
			containerPortal = 3F6C2CDB20D7161A0064F34E /* Alamofire.xcodeproj */;
			proxyType = 2;
			remoteGlobalIDString = F8111E3E19A95C8B0040E7D1;
			remoteInfo = "Alamofire iOS Tests";
		};
		3F6C2CEA20D7161B0064F34E /* PBXContainerItemProxy */ = {
			isa = PBXContainerItemProxy;
			containerPortal = 3F6C2CDB20D7161A0064F34E /* Alamofire.xcodeproj */;
			proxyType = 2;
			remoteGlobalIDString = 4DD67C0B1A5C55C900ED2280;
			remoteInfo = "Alamofire macOS";
		};
		3F6C2CEC20D7161B0064F34E /* PBXContainerItemProxy */ = {
			isa = PBXContainerItemProxy;
			containerPortal = 3F6C2CDB20D7161A0064F34E /* Alamofire.xcodeproj */;
			proxyType = 2;
			remoteGlobalIDString = F829C6B21A7A94F100A2CD59;
			remoteInfo = "Alamofire macOS Tests";
		};
		3F6C2CEE20D7161B0064F34E /* PBXContainerItemProxy */ = {
			isa = PBXContainerItemProxy;
			containerPortal = 3F6C2CDB20D7161A0064F34E /* Alamofire.xcodeproj */;
			proxyType = 2;
			remoteGlobalIDString = 4CF626EF1BA7CB3E0011A099;
			remoteInfo = "Alamofire tvOS";
		};
		3F6C2CF020D7161B0064F34E /* PBXContainerItemProxy */ = {
			isa = PBXContainerItemProxy;
			containerPortal = 3F6C2CDB20D7161A0064F34E /* Alamofire.xcodeproj */;
			proxyType = 2;
			remoteGlobalIDString = 4CF626F81BA7CB3E0011A099;
			remoteInfo = "Alamofire tvOS Tests";
		};
		3F6C2CF220D7161B0064F34E /* PBXContainerItemProxy */ = {
			isa = PBXContainerItemProxy;
			containerPortal = 3F6C2CDB20D7161A0064F34E /* Alamofire.xcodeproj */;
			proxyType = 2;
			remoteGlobalIDString = E4202FE01B667AA100C997FB;
			remoteInfo = "Alamofire watchOS";
		};
		3F6C2CF620D716930064F34E /* PBXContainerItemProxy */ = {
			isa = PBXContainerItemProxy;
			containerPortal = 3F6C2CDB20D7161A0064F34E /* Alamofire.xcodeproj */;
			proxyType = 1;
			remoteGlobalIDString = F8111E3219A95C8B0040E7D1;
			remoteInfo = "Alamofire iOS";
		};
/* End PBXContainerItemProxy section */

/* Begin PBXCopyFilesBuildPhase section */
		3F6C2CF820D716930064F34E /* Embed Frameworks */ = {
			isa = PBXCopyFilesBuildPhase;
			buildActionMask = 2147483647;
			dstPath = "";
			dstSubfolderSpec = 10;
			files = (
				3F6C2CF520D716930064F34E /* Alamofire.framework in Embed Frameworks */,
			);
			name = "Embed Frameworks";
			runOnlyForDeploymentPostprocessing = 0;
		};
/* End PBXCopyFilesBuildPhase section */

/* Begin PBXFileReference section */
		3F6C2CC620D7155A0064F34E /* myComic.app */ = {isa = PBXFileReference; explicitFileType = wrapper.application; includeInIndex = 0; path = myComic.app; sourceTree = BUILT_PRODUCTS_DIR; };
		3F6C2CC920D7155A0064F34E /* AppDelegate.swift */ = {isa = PBXFileReference; lastKnownFileType = sourcecode.swift; path = AppDelegate.swift; sourceTree = "<group>"; };
		3F6C2CCB20D7155A0064F34E /* ViewController.swift */ = {isa = PBXFileReference; lastKnownFileType = sourcecode.swift; path = ViewController.swift; sourceTree = "<group>"; };
		3F6C2CCE20D7155A0064F34E /* Base */ = {isa = PBXFileReference; lastKnownFileType = file.storyboard; name = Base; path = Base.lproj/Main.storyboard; sourceTree = "<group>"; };
		3F6C2CD020D7155B0064F34E /* Assets.xcassets */ = {isa = PBXFileReference; lastKnownFileType = folder.assetcatalog; path = Assets.xcassets; sourceTree = "<group>"; };
		3F6C2CD320D7155B0064F34E /* Base */ = {isa = PBXFileReference; lastKnownFileType = file.storyboard; name = Base; path = Base.lproj/LaunchScreen.storyboard; sourceTree = "<group>"; };
		3F6C2CD520D7155B0064F34E /* Info.plist */ = {isa = PBXFileReference; lastKnownFileType = text.plist.xml; path = Info.plist; sourceTree = "<group>"; };
		3F6C2CDB20D7161A0064F34E /* Alamofire.xcodeproj */ = {isa = PBXFileReference; lastKnownFileType = "wrapper.pb-project"; name = Alamofire.xcodeproj; path = Alamofire/Alamofire.xcodeproj; sourceTree = "<group>"; };
		3F6C2CFC20D7171B0064F34E /* Comic.swift */ = {isa = PBXFileReference; lastKnownFileType = sourcecode.swift; path = Comic.swift; sourceTree = "<group>"; };
/* End PBXFileReference section */

/* Begin PBXFrameworksBuildPhase section */
		3F6C2CC320D7155A0064F34E /* Frameworks */ = {
			isa = PBXFrameworksBuildPhase;
			buildActionMask = 2147483647;
			files = (
				3F6C2CF420D716930064F34E /* Alamofire.framework in Frameworks */,
			);
			runOnlyForDeploymentPostprocessing = 0;
		};
/* End PBXFrameworksBuildPhase section */

/* Begin PBXGroup section */
		3F6C2CBD20D7155A0064F34E = {
			isa = PBXGroup;
			children = (
				3F6C2CC820D7155A0064F34E /* myComic */,
				3F6C2CC720D7155A0064F34E /* Products */,
				3F6C2CDB20D7161A0064F34E /* Alamofire.xcodeproj */,
			);
			sourceTree = "<group>";
		};
		3F6C2CC720D7155A0064F34E /* Products */ = {
			isa = PBXGroup;
			children = (
				3F6C2CC620D7155A0064F34E /* myComic.app */,
			);
			name = Products;
			sourceTree = "<group>";
		};
		3F6C2CC820D7155A0064F34E /* myComic */ = {
			isa = PBXGroup;
			children = (
				3F6C2CFB20D716DB0064F34E /* View */,
				3F6C2CFA20D716D40064F34E /* Controller */,
				3F6C2CF920D716CE0064F34E /* Model */,
				3F6C2CD220D7155B0064F34E /* LaunchScreen.storyboard */,
				3F6C2CD520D7155B0064F34E /* Info.plist */,
			);
			path = myComic;
			sourceTree = "<group>";
		};
		3F6C2CDC20D7161A0064F34E /* Products */ = {
			isa = PBXGroup;
			children = (
				3F6C2CE720D7161B0064F34E /* Alamofire.framework */,
				3F6C2CE920D7161B0064F34E /* Alamofire iOS Tests.xctest */,
				3F6C2CEB20D7161B0064F34E /* Alamofire.framework */,
				3F6C2CED20D7161B0064F34E /* Alamofire macOS Tests.xctest */,
				3F6C2CEF20D7161B0064F34E /* Alamofire.framework */,
				3F6C2CF120D7161B0064F34E /* Alamofire tvOS Tests.xctest */,
				3F6C2CF320D7161B0064F34E /* Alamofire.framework */,
			);
			name = Products;
			sourceTree = "<group>";
		};
		3F6C2CF920D716CE0064F34E /* Model */ = {
			isa = PBXGroup;
			children = (
				3F6C2CFC20D7171B0064F34E /* Comic.swift */,
			);
			path = Model;
			sourceTree = "<group>";
		};
		3F6C2CFA20D716D40064F34E /* Controller */ = {
			isa = PBXGroup;
			children = (
				3F6C2CC920D7155A0064F34E /* AppDelegate.swift */,
				3F6C2CCB20D7155A0064F34E /* ViewController.swift */,
			);
			path = Controller;
			sourceTree = "<group>";
		};
		3F6C2CFB20D716DB0064F34E /* View */ = {
			isa = PBXGroup;
			children = (
				3F6C2CCD20D7155A0064F34E /* Main.storyboard */,
				3F6C2CD020D7155B0064F34E /* Assets.xcassets */,
			);
			path = View;
			sourceTree = "<group>";
		};
/* End PBXGroup section */

/* Begin PBXNativeTarget section */
		3F6C2CC520D7155A0064F34E /* myComic */ = {
			isa = PBXNativeTarget;
			buildConfigurationList = 3F6C2CD820D7155B0064F34E /* Build configuration list for PBXNativeTarget "myComic" */;
			buildPhases = (
				3F6C2CC220D7155A0064F34E /* Sources */,
				3F6C2CC320D7155A0064F34E /* Frameworks */,
				3F6C2CC420D7155A0064F34E /* Resources */,
				3F6C2CF820D716930064F34E /* Embed Frameworks */,
			);
			buildRules = (
			);
			dependencies = (
				3F6C2CF720D716930064F34E /* PBXTargetDependency */,
			);
			name = myComic;
			productName = myComic;
			productReference = 3F6C2CC620D7155A0064F34E /* myComic.app */;
			productType = "com.apple.product-type.application";
		};
/* End PBXNativeTarget section */

/* Begin PBXProject section */
		3F6C2CBE20D7155A0064F34E /* Project object */ = {
			isa = PBXProject;
			attributes = {
				LastSwiftUpdateCheck = 0940;
				LastUpgradeCheck = 0940;
				ORGANIZATIONNAME = "Jorge Zevallos";
				TargetAttributes = {
					3F6C2CC520D7155A0064F34E = {
						CreatedOnToolsVersion = 9.4;
					};
				};
			};
			buildConfigurationList = 3F6C2CC120D7155A0064F34E /* Build configuration list for PBXProject "myComic" */;
			compatibilityVersion = "Xcode 9.3";
			developmentRegion = en;
			hasScannedForEncodings = 0;
			knownRegions = (
				en,
				Base,
			);
			mainGroup = 3F6C2CBD20D7155A0064F34E;
			productRefGroup = 3F6C2CC720D7155A0064F34E /* Products */;
			projectDirPath = "";
			projectReferences = (
				{
					ProductGroup = 3F6C2CDC20D7161A0064F34E /* Products */;
					ProjectRef = 3F6C2CDB20D7161A0064F34E /* Alamofire.xcodeproj */;
				},
			);
			projectRoot = "";
			targets = (
				3F6C2CC520D7155A0064F34E /* myComic */,
			);
		};
/* End PBXProject section */

/* Begin PBXReferenceProxy section */
		3F6C2CE720D7161B0064F34E /* Alamofire.framework */ = {
			isa = PBXReferenceProxy;
			fileType = wrapper.framework;
			path = Alamofire.framework;
			remoteRef = 3F6C2CE620D7161B0064F34E /* PBXContainerItemProxy */;
			sourceTree = BUILT_PRODUCTS_DIR;
		};
		3F6C2CE920D7161B0064F34E /* Alamofire iOS Tests.xctest */ = {
			isa = PBXReferenceProxy;
			fileType = wrapper.cfbundle;
			path = "Alamofire iOS Tests.xctest";
			remoteRef = 3F6C2CE820D7161B0064F34E /* PBXContainerItemProxy */;
			sourceTree = BUILT_PRODUCTS_DIR;
		};
		3F6C2CEB20D7161B0064F34E /* Alamofire.framework */ = {
			isa = PBXReferenceProxy;
			fileType = wrapper.framework;
			path = Alamofire.framework;
			remoteRef = 3F6C2CEA20D7161B0064F34E /* PBXContainerItemProxy */;
			sourceTree = BUILT_PRODUCTS_DIR;
		};
		3F6C2CED20D7161B0064F34E /* Alamofire macOS Tests.xctest */ = {
			isa = PBXReferenceProxy;
			fileType = wrapper.cfbundle;
			path = "Alamofire macOS Tests.xctest";
			remoteRef = 3F6C2CEC20D7161B0064F34E /* PBXContainerItemProxy */;
			sourceTree = BUILT_PRODUCTS_DIR;
		};
		3F6C2CEF20D7161B0064F34E /* Alamofire.framework */ = {
			isa = PBXReferenceProxy;
			fileType = wrapper.framework;
			path = Alamofire.framework;
			remoteRef = 3F6C2CEE20D7161B0064F34E /* PBXContainerItemProxy */;
			sourceTree = BUILT_PRODUCTS_DIR;
		};
		3F6C2CF120D7161B0064F34E /* Alamofire tvOS Tests.xctest */ = {
			isa = PBXReferenceProxy;
			fileType = wrapper.cfbundle;
			path = "Alamofire tvOS Tests.xctest";
			remoteRef = 3F6C2CF020D7161B0064F34E /* PBXContainerItemProxy */;
			sourceTree = BUILT_PRODUCTS_DIR;
		};
		3F6C2CF320D7161B0064F34E /* Alamofire.framework */ = {
			isa = PBXReferenceProxy;
			fileType = wrapper.framework;
			path = Alamofire.framework;
			remoteRef = 3F6C2CF220D7161B0064F34E /* PBXContainerItemProxy */;
			sourceTree = BUILT_PRODUCTS_DIR;
		};
/* End PBXReferenceProxy section */

/* Begin PBXResourcesBuildPhase section */
		3F6C2CC420D7155A0064F34E /* Resources */ = {
			isa = PBXResourcesBuildPhase;
			buildActionMask = 2147483647;
			files = (
				3F6C2CD420D7155B0064F34E /* LaunchScreen.storyboard in Resources */,
				3F6C2CD120D7155B0064F34E /* Assets.xcassets in Resources */,
				3F6C2CCF20D7155A0064F34E /* Main.storyboard in Resources */,
			);
			runOnlyForDeploymentPostprocessing = 0;
		};
/* End PBXResourcesBuildPhase section */

/* Begin PBXSourcesBuildPhase section */
		3F6C2CC220D7155A0064F34E /* Sources */ = {
			isa = PBXSourcesBuildPhase;
			buildActionMask = 2147483647;
			files = (
				3F6C2CCC20D7155A0064F34E /* ViewController.swift in Sources */,
				3F6C2CFD20D7171B0064F34E /* Comic.swift in Sources */,
				3F6C2CCA20D7155A0064F34E /* AppDelegate.swift in Sources */,
			);
			runOnlyForDeploymentPostprocessing = 0;
		};
/* End PBXSourcesBuildPhase section */

/* Begin PBXTargetDependency section */
		3F6C2CF720D716930064F34E /* PBXTargetDependency */ = {
			isa = PBXTargetDependency;
			name = "Alamofire iOS";
			targetProxy = 3F6C2CF620D716930064F34E /* PBXContainerItemProxy */;
		};
/* End PBXTargetDependency section */

/* Begin PBXVariantGroup section */
		3F6C2CCD20D7155A0064F34E /* Main.storyboard */ = {
			isa = PBXVariantGroup;
			children = (
				3F6C2CCE20D7155A0064F34E /* Base */,
			);
			name = Main.storyboard;
			sourceTree = "<group>";
		};
		3F6C2CD220D7155B0064F34E /* LaunchScreen.storyboard */ = {
			isa = PBXVariantGroup;
			children = (
				3F6C2CD320D7155B0064F34E /* Base */,
			);
			name = LaunchScreen.storyboard;
			sourceTree = "<group>";
		};
/* End PBXVariantGroup section */

/* Begin XCBuildConfiguration section */
		3F6C2CD620D7155B0064F34E /* Debug */ = {
			isa = XCBuildConfiguration;
			buildSettings = {
				ALWAYS_SEARCH_USER_PATHS = NO;
				CLANG_ANALYZER_NONNULL = YES;
				CLANG_ANALYZER_NUMBER_OBJECT_CONVERSION = YES_AGGRESSIVE;
				CLANG_CXX_LANGUAGE_STANDARD = "gnu++14";
				CLANG_CXX_LIBRARY = "libc++";
				CLANG_ENABLE_MODULES = YES;
				CLANG_ENABLE_OBJC_ARC = YES;
				CLANG_ENABLE_OBJC_WEAK = YES;
				CLANG_WARN_BLOCK_CAPTURE_AUTORELEASING = YES;
				CLANG_WARN_BOOL_CONVERSION = YES;
				CLANG_WARN_COMMA = YES;
				CLANG_WARN_CONSTANT_CONVERSION = YES;
				CLANG_WARN_DEPRECATED_OBJC_IMPLEMENTATIONS = YES;
				CLANG_WARN_DIRECT_OBJC_ISA_USAGE = YES_ERROR;
				CLANG_WARN_DOCUMENTATION_COMMENTS = YES;
				CLANG_WARN_EMPTY_BODY = YES;
				CLANG_WARN_ENUM_CONVERSION = YES;
				CLANG_WARN_INFINITE_RECURSION = YES;
				CLANG_WARN_INT_CONVERSION = YES;
				CLANG_WARN_NON_LITERAL_NULL_CONVERSION = YES;
				CLANG_WARN_OBJC_IMPLICIT_RETAIN_SELF = YES;
				CLANG_WARN_OBJC_LITERAL_CONVERSION = YES;
				CLANG_WARN_OBJC_ROOT_CLASS = YES_ERROR;
				CLANG_WARN_RANGE_LOOP_ANALYSIS = YES;
				CLANG_WARN_STRICT_PROTOTYPES = YES;
				CLANG_WARN_SUSPICIOUS_MOVE = YES;
				CLANG_WARN_UNGUARDED_AVAILABILITY = YES_AGGRESSIVE;
				CLANG_WARN_UNREACHABLE_CODE = YES;
				CLANG_WARN__DUPLICATE_METHOD_MATCH = YES;
				CODE_SIGN_IDENTITY = "iPhone Developer";
				COPY_PHASE_STRIP = NO;
				DEBUG_INFORMATION_FORMAT = dwarf;
				ENABLE_STRICT_OBJC_MSGSEND = YES;
				ENABLE_TESTABILITY = YES;
				GCC_C_LANGUAGE_STANDARD = gnu11;
				GCC_DYNAMIC_NO_PIC = NO;
				GCC_NO_COMMON_BLOCKS = YES;
				GCC_OPTIMIZATION_LEVEL = 0;
				GCC_PREPROCESSOR_DEFINITIONS = (
					"DEBUG=1",
					"$(inherited)",
				);
				GCC_WARN_64_TO_32_BIT_CONVERSION = YES;
				GCC_WARN_ABOUT_RETURN_TYPE = YES_ERROR;
				GCC_WARN_UNDECLARED_SELECTOR = YES;
				GCC_WARN_UNINITIALIZED_AUTOS = YES_AGGRESSIVE;
				GCC_WARN_UNUSED_FUNCTION = YES;
				GCC_WARN_UNUSED_VARIABLE = YES;
				IPHONEOS_DEPLOYMENT_TARGET = 11.4;
				MTL_ENABLE_DEBUG_INFO = YES;
				ONLY_ACTIVE_ARCH = YES;
				SDKROOT = iphoneos;
				SWIFT_ACTIVE_COMPILATION_CONDITIONS = DEBUG;
				SWIFT_OPTIMIZATION_LEVEL = "-Onone";
			};
			name = Debug;
		};
		3F6C2CD720D7155B0064F34E /* Release */ = {
			isa = XCBuildConfiguration;
			buildSettings = {
				ALWAYS_SEARCH_USER_PATHS = NO;
				CLANG_ANALYZER_NONNULL = YES;
				CLANG_ANALYZER_NUMBER_OBJECT_CONVERSION = YES_AGGRESSIVE;
				CLANG_CXX_LANGUAGE_STANDARD = "gnu++14";
				CLANG_CXX_LIBRARY = "libc++";
				CLANG_ENABLE_MODULES = YES;
				CLANG_ENABLE_OBJC_ARC = YES;
				CLANG_ENABLE_OBJC_WEAK = YES;
				CLANG_WARN_BLOCK_CAPTURE_AUTORELEASING = YES;
				CLANG_WARN_BOOL_CONVERSION = YES;
				CLANG_WARN_COMMA = YES;
				CLANG_WARN_CONSTANT_CONVERSION = YES;
				CLANG_WARN_DEPRECATED_OBJC_IMPLEMENTATIONS = YES;
				CLANG_WARN_DIRECT_OBJC_ISA_USAGE = YES_ERROR;
				CLANG_WARN_DOCUMENTATION_COMMENTS = YES;
				CLANG_WARN_EMPTY_BODY = YES;
				CLANG_WARN_ENUM_CONVERSION = YES;
				CLANG_WARN_INFINITE_RECURSION = YES;
				CLANG_WARN_INT_CONVERSION = YES;
				CLANG_WARN_NON_LITERAL_NULL_CONVERSION = YES;
				CLANG_WARN_OBJC_IMPLICIT_RETAIN_SELF = YES;
				CLANG_WARN_OBJC_LITERAL_CONVERSION = YES;
				CLANG_WARN_OBJC_ROOT_CLASS = YES_ERROR;
				CLANG_WARN_RANGE_LOOP_ANALYSIS = YES;
				CLANG_WARN_STRICT_PROTOTYPES = YES;
				CLANG_WARN_SUSPICIOUS_MOVE = YES;
				CLANG_WARN_UNGUARDED_AVAILABILITY = YES_AGGRESSIVE;
				CLANG_WARN_UNREACHABLE_CODE = YES;
				CLANG_WARN__DUPLICATE_METHOD_MATCH = YES;
				CODE_SIGN_IDENTITY = "iPhone Developer";
				COPY_PHASE_STRIP = NO;
				DEBUG_INFORMATION_FORMAT = "dwarf-with-dsym";
				ENABLE_NS_ASSERTIONS = NO;
				ENABLE_STRICT_OBJC_MSGSEND = YES;
				GCC_C_LANGUAGE_STANDARD = gnu11;
				GCC_NO_COMMON_BLOCKS = YES;
				GCC_WARN_64_TO_32_BIT_CONVERSION = YES;
				GCC_WARN_ABOUT_RETURN_TYPE = YES_ERROR;
				GCC_WARN_UNDECLARED_SELECTOR = YES;
				GCC_WARN_UNINITIALIZED_AUTOS = YES_AGGRESSIVE;
				GCC_WARN_UNUSED_FUNCTION = YES;
				GCC_WARN_UNUSED_VARIABLE = YES;
				IPHONEOS_DEPLOYMENT_TARGET = 11.4;
				MTL_ENABLE_DEBUG_INFO = NO;
				SDKROOT = iphoneos;
				SWIFT_COMPILATION_MODE = wholemodule;
				SWIFT_OPTIMIZATION_LEVEL = "-O";
				VALIDATE_PRODUCT = YES;
			};
			name = Release;
		};
		3F6C2CD920D7155B0064F34E /* Debug */ = {
			isa = XCBuildConfiguration;
			buildSettings = {
				ALWAYS_EMBED_SWIFT_STANDARD_LIBRARIES = YES;
				ASSETCATALOG_COMPILER_APPICON_NAME = AppIcon;
				CODE_SIGN_STYLE = Automatic;
				DEVELOPMENT_TEAM = RK5G2WVN9G;
				INFOPLIST_FILE = myComic/Info.plist;
				LD_RUNPATH_SEARCH_PATHS = (
					"$(inherited)",
					"@executable_path/Frameworks",
				);
				PRODUCT_BUNDLE_IDENTIFIER = com.jorgezevallos.myComic;
				PRODUCT_NAME = "$(TARGET_NAME)";
				SWIFT_VERSION = 4.0;
				TARGETED_DEVICE_FAMILY = "1,2";
			};
			name = Debug;
		};
		3F6C2CDA20D7155B0064F34E /* Release */ = {
			isa = XCBuildConfiguration;
			buildSettings = {
				ALWAYS_EMBED_SWIFT_STANDARD_LIBRARIES = YES;
				ASSETCATALOG_COMPILER_APPICON_NAME = AppIcon;
				CODE_SIGN_STYLE = Automatic;
				DEVELOPMENT_TEAM = RK5G2WVN9G;
				INFOPLIST_FILE = myComic/Info.plist;
				LD_RUNPATH_SEARCH_PATHS = (
					"$(inherited)",
					"@executable_path/Frameworks",
				);
				PRODUCT_BUNDLE_IDENTIFIER = com.jorgezevallos.myComic;
				PRODUCT_NAME = "$(TARGET_NAME)";
				SWIFT_VERSION = 4.0;
				TARGETED_DEVICE_FAMILY = "1,2";
			};
			name = Release;
		};
/* End XCBuildConfiguration section */

/* Begin XCConfigurationList section */
		3F6C2CC120D7155A0064F34E /* Build configuration list for PBXProject "myComic" */ = {
			isa = XCConfigurationList;
			buildConfigurations = (
				3F6C2CD620D7155B0064F34E /* Debug */,
				3F6C2CD720D7155B0064F34E /* Release */,
			);
			defaultConfigurationIsVisible = 0;
			defaultConfigurationName = Release;
		};
		3F6C2CD820D7155B0064F34E /* Build configuration list for PBXNativeTarget "myComic" */ = {
			isa = XCConfigurationList;
			buildConfigurations = (
				3F6C2CD920D7155B0064F34E /* Debug */,
				3F6C2CDA20D7155B0064F34E /* Release */,
			);
			defaultConfigurationIsVisible = 0;
			defaultConfigurationName = Release;
		};
/* End XCConfigurationList section */
	};
	rootObject = 3F6C2CBE20D7155A0064F34E /* Project object */;
}
